
Microsoft Visual Studio Solution File, Format Version 12.00
# Visual Studio Version 17
VisualStudioVersion = 17.2.32616.157
MinimumVisualStudioVersion = 10.0.40219.1
Project("{8BC9CEB8-8B4A-11D0-8D11-00A0C91BC942}") = "softrender", "softrender\softrender.vcxproj", "{EA404752-DB8C-439A-A612-86901B2CE8F6}"
EndProject
Global
	GlobalSection(SolutionConfigurationPlatforms) = preSolution
		Debug|x64 = Debug|x64
		Debug|x86 = Debug|x86
		Release|x64 = Release|x64
		Release|x86 = Release|x86
	EndGlobalSection
	GlobalSection(ProjectConfigurationPlatforms) = postSolution
		{EA404752-DB8C-439A-A612-86901B2CE8F6}.Debug|x64.ActiveCfg = Debug|x64
		{EA404752-DB8C-439A-A612-86901B2CE8F6}.Debug|x64.Build.0 = Debug|x64
		{EA404752-DB8C-439A-A612-86901B2CE8F6}.Debug|x86.ActiveCfg = Debug|Win32
		{EA404752-DB8C-439A-A612-86901B2CE8F6}.Debug|x86.Build.0 = Debug|Win32
		{EA404752-DB8C-439A-A612-86901B2CE8F6}.Release|x64.ActiveCfg = Release|x64
		{EA404752-DB8C-439A-A612-86901B2CE8F6}.Release|x64.Build.0 = Release|x64
		{EA404752-DB8C-439A-A612-86901B2CE8F6}.Release|x86.ActiveCfg = Release|Win32
		{EA404752-DB8C-439A-A612-86901B2CE8F6}.Release|x86.Build.0 = Release|Win32
	EndGlobalSection
	GlobalSection(SolutionProperties) = preSolution
		HideSolutionNode = FALSE
	EndGlobalSection
	GlobalSection(ExtensibilityGlobals) = postSolution
		SolutionGuid = {1C5A9E9B-A5AE-4795-A2DC-343CE6B1AB8B}
	EndGlobalSection
EndGlobal
